{
  "name": "kutures-test",
  "lockfileVersion": 2,
  "requires": true,
  "packages": {
    "": {
      "name": "kutures-test",
      "dependencies": {
        "kutures": "file:../../../build/js/packages/kutures"
      }
    },
    "../../../build/js/packages/kutures": {
      "version": "1.0.0",
      "dependencies": {
        "kotlin": "file:/home/nathan/Projects/kutures/build/js/packages_imported/kotlin/1.4.32",
        "kotlin-test": "file:/home/nathan/Projects/kutures/build/js/packages_imported/kotlin-test/1.4.32",
        "kotlin-test-js-runner": "file:/home/nathan/Projects/kutures/build/js/packages_imported/kotlin-test-js-runner/1.4.32"
      },
      "devDependencies": {
        "dukat": "0.5.8-rc.3"
      }
    },
    "node_modules/kutures": {
      "resolved": "../../../build/js/packages/kutures",
      "link": true
    }
  },
  "dependencies": {
    "kutures": {
      "version": "file:../../../build/js/packages/kutures",
      "requires": {
        "dukat": "0.5.8-rc.3",
        "kotlin": "file:../../packages_imported/kotlin/1.4.32",
        "kotlin-test": "file:../../packages_imported/kotlin-test/1.4.32",
        "kotlin-test-js-runner": "file:../../packages_imported/kotlin-test-js-runner/1.4.32"
      }
    }
  }
}
